<?xml version="1.0" encoding="utf-8"?>
<Project ToolsVersion="4.0" xmlns="http://schemas.microsoft.com/developer/msbuild/2003">
  <ItemGroup>
    <Filter Include="TrainCascade">
      <UniqueIdentifier>{db334bd4-534c-4542-9bfc-e6aea0175d3d}</UniqueIdentifier>
    </Filter>
    <Filter Include="TrainCascade\Added">
      <UniqueIdentifier>{54728811-1302-448c-b7b3-9a31cd16f112}</UniqueIdentifier>
    </Filter>
  </ItemGroup>
  <ItemGroup>
    <ClCompile Include="..\src\traincascade\boost.cpp">
      <Filter>TrainCascade</Filter>
    </ClCompile>
    <ClCompile Include="..\src\traincascade\cascadeclassifier.cpp">
      <Filter>TrainCascade</Filter>
    </ClCompile>
    <ClCompile Include="..\src\traincascade\features.cpp">
      <Filter>TrainCascade</Filter>
    </ClCompile>
    <ClCompile Include="..\src\traincascade\haarfeatures.cpp">
      <Filter>TrainCascade</Filter>
    </ClCompile>
    <ClCompile Include="..\src\traincascade\HOGfeatures.cpp">
      <Filter>TrainCascade</Filter>
    </ClCompile>
    <ClCompile Include="..\src\traincascade\imagestorage.cpp">
      <Filter>TrainCascade</Filter>
    </ClCompile>
    <ClCompile Include="..\src\traincascade\lbpfeatures.cpp">
      <Filter>TrainCascade</Filter>
    </ClCompile>
    <ClCompile Include="..\src\traincascade\old_ml_boost.cpp">
      <Filter>TrainCascade</Filter>
    </ClCompile>
    <ClCompile Include="..\src\traincascade\old_ml_data.cpp">
      <Filter>TrainCascade</Filter>
    </ClCompile>
    <ClCompile Include="..\src\traincascade\old_ml_inner_functions.cpp">
      <Filter>TrainCascade</Filter>
    </ClCompile>
    <ClCompile Include="..\src\traincascade\old_ml_tree.cpp">
      <Filter>TrainCascade</Filter>
    </ClCompile>
    <ClCompile Include="..\src\traincascade\traincascade.cpp">
      <Filter>TrainCascade</Filter>
    </ClCompile>
    <ClCompile Include="..\src\traincascade\Added\SHOGfeatures.cpp">
      <Filter>TrainCascade\Added</Filter>
    </ClCompile>
  </ItemGroup>
  <ItemGroup>
    <ClInclude Include="..\src\traincascade\boost.h">
      <Filter>TrainCascade</Filter>
    </ClInclude>
    <ClInclude Include="..\src\traincascade\cascadeclassifier.h">
      <Filter>TrainCascade</Filter>
    </ClInclude>
    <ClInclude Include="..\src\traincascade\haarfeatures.h">
      <Filter>TrainCascade</Filter>
    </ClInclude>
    <ClInclude Include="..\src\traincascade\HOGfeatures.h">
      <Filter>TrainCascade</Filter>
    </ClInclude>
    <ClInclude Include="..\src\traincascade\imagestorage.h">
      <Filter>TrainCascade</Filter>
    </ClInclude>
    <ClInclude Include="..\src\traincascade\lbpfeatures.h">
      <Filter>TrainCascade</Filter>
    </ClInclude>
    <ClInclude Include="..\src\traincascade\old_ml.hpp">
      <Filter>TrainCascade</Filter>
    </ClInclude>
    <ClInclude Include="..\src\traincascade\old_ml_precomp.hpp">
      <Filter>TrainCascade</Filter>
    </ClInclude>
    <ClInclude Include="..\src\traincascade\traincascade_features.h">
      <Filter>TrainCascade</Filter>
    </ClInclude>
    <ClInclude Include="..\src\traincascade\Added\SHOGfeatures.h">
      <Filter>TrainCascade\Added</Filter>
    </ClInclude>
  </ItemGroup>
  <ItemGroup>
    <Text Include="..\src\traincascade\CMakeLists.txt">
      <Filter>TrainCascade</Filter>
    </Text>
  </ItemGroup>
</Project>