<?xml version="1.0" encoding="utf-8"?>
<Project ToolsVersion="4.0" xmlns="http://schemas.microsoft.com/developer/msbuild/2003">
  <ItemGroup>
    <Filter Include="DetectCascade">
      <UniqueIdentifier>{fb6ce329-1bbf-4502-a596-8ee167414f7d}</UniqueIdentifier>
    </Filter>
    <Filter Include="Prototyping">
      <UniqueIdentifier>{9ee0be11-875b-484f-985a-8a8c0942e4fd}</UniqueIdentifier>
    </Filter>
    <Filter Include="boost3.0">
      <UniqueIdentifier>{58e17251-a8ca-4c61-9497-adfaecfc984b}</UniqueIdentifier>
    </Filter>
    <Filter Include="Prototyping\NewFeatures">
      <UniqueIdentifier>{ab11cbce-a738-480c-82c4-db5da0ad0272}</UniqueIdentifier>
    </Filter>
    <Filter Include="SharedDefines">
      <UniqueIdentifier>{9e57e96f-9f2b-4f6f-b255-2485f1115d5a}</UniqueIdentifier>
    </Filter>
    <Filter Include="DetectCascade\Added">
      <UniqueIdentifier>{9f49ad51-3c0f-44f7-bfbb-f3c64c92a915}</UniqueIdentifier>
    </Filter>
  </ItemGroup>
  <ItemGroup>
    <ClCompile Include="..\src\detectcascade\cascadedetect.cpp">
      <Filter>DetectCascade</Filter>
    </ClCompile>
    <ClCompile Include="..\src\detectcascade\cascadedetect_convert.cpp">
      <Filter>DetectCascade</Filter>
    </ClCompile>
    <ClCompile Include="..\src\detectcascade\detection_based_tracker.cpp">
      <Filter>DetectCascade</Filter>
    </ClCompile>
    <ClCompile Include="..\src\detectcascade\haar.cpp">
      <Filter>DetectCascade</Filter>
    </ClCompile>
    <ClCompile Include="..\src\detectcascade\hog.cpp">
      <Filter>DetectCascade</Filter>
    </ClCompile>
    <ClCompile Include="..\src\prototyping\Evaluator.cpp">
      <Filter>Prototyping</Filter>
    </ClCompile>
    <ClCompile Include="..\src\prototyping\features.cpp">
      <Filter>Prototyping</Filter>
    </ClCompile>
    <ClCompile Include="..\src\prototyping\haarfeatures.cpp">
      <Filter>Prototyping</Filter>
    </ClCompile>
    <ClCompile Include="..\src\prototyping\HaarTransform.cpp">
      <Filter>Prototyping</Filter>
    </ClCompile>
    <ClCompile Include="..\src\prototyping\main.cpp">
      <Filter>Prototyping</Filter>
    </ClCompile>
    <ClCompile Include="..\src\prototyping\Parser.cpp">
      <Filter>Prototyping</Filter>
    </ClCompile>
    <ClCompile Include="..\src\boost3.0\tree.cpp">
      <Filter>boost3.0</Filter>
    </ClCompile>
    <ClCompile Include="..\src\boost3.0\boost.cpp">
      <Filter>boost3.0</Filter>
    </ClCompile>
    <ClCompile Include="..\src\prototyping\FeaturePrototypes.cpp">
      <Filter>Prototyping\NewFeatures</Filter>
    </ClCompile>
    <ClCompile Include="..\src\detectcascade\Added\SHOGfeatures.cpp">
      <Filter>DetectCascade\Added</Filter>
    </ClCompile>
  </ItemGroup>
  <ItemGroup>
    <ClInclude Include="..\src\detectcascade\cascadedetect.hpp">
      <Filter>DetectCascade</Filter>
    </ClInclude>
    <ClInclude Include="..\src\detectcascade\precomp.hpp">
      <Filter>DetectCascade</Filter>
    </ClInclude>
    <ClInclude Include="..\src\prototyping\Evaluator.h">
      <Filter>Prototyping</Filter>
    </ClInclude>
    <ClInclude Include="..\src\prototyping\haarfeatures.h">
      <Filter>Prototyping</Filter>
    </ClInclude>
    <ClInclude Include="..\src\prototyping\HaarTransform.h">
      <Filter>Prototyping</Filter>
    </ClInclude>
    <ClInclude Include="..\src\prototyping\Parser.h">
      <Filter>Prototyping</Filter>
    </ClInclude>
    <ClInclude Include="..\src\prototyping\traincascade_features.h">
      <Filter>Prototyping</Filter>
    </ClInclude>
    <ClInclude Include="..\src\boost3.0\precomp.hpp">
      <Filter>boost3.0</Filter>
    </ClInclude>
    <ClInclude Include="..\src\boost3.0\boost.h">
      <Filter>boost3.0</Filter>
    </ClInclude>
    <ClInclude Include="..\src\prototyping\FeaturePrototypes.h">
      <Filter>Prototyping\NewFeatures</Filter>
    </ClInclude>
    <ClInclude Include="..\src\SharedDefines\SharedDefines.h">
      <Filter>SharedDefines</Filter>
    </ClInclude>
    <ClInclude Include="..\src\detectcascade\Added\SHOGfeatures.h">
      <Filter>DetectCascade\Added</Filter>
    </ClInclude>
  </ItemGroup>
</Project>